
Microsoft Visual Studio Solution File, Format Version 12.00
# Visual Studio Version 17
VisualStudioVersion = 17.14.36310.24 d17.14
MinimumVisualStudioVersion = 10.0.40219.1
Project("{FAE04EC0-301F-11D3-BF4B-00C04F79EFBC}") = "Lessons", "Lessons\Lessons.csproj", "{4FE88EBE-EA9E-426A-AB15-620C93A5216F}"
EndProject
Global
	GlobalSection(SolutionConfigurationPlatforms) = preSolution
		Debug|Any CPU = Debug|Any CPU
		Release|Any CPU = Release|Any CPU
	EndGlobalSection
	GlobalSection(ProjectConfigurationPlatforms) = postSolution
		{4FE88EBE-EA9E-426A-AB15-620C93A5216F}.Debug|Any CPU.ActiveCfg = Debug|Any CPU
		{4FE88EBE-EA9E-426A-AB15-620C93A5216F}.Debug|Any CPU.Build.0 = Debug|Any CPU
		{4FE88EBE-EA9E-426A-AB15-620C93A5216F}.Release|Any CPU.ActiveCfg = Release|Any CPU
		{4FE88EBE-EA9E-426A-AB15-620C93A5216F}.Release|Any CPU.Build.0 = Release|Any CPU
	EndGlobalSection
	GlobalSection(SolutionProperties) = preSolution
		HideSolutionNode = FALSE
	EndGlobalSection
	GlobalSection(ExtensibilityGlobals) = postSolution
		SolutionGuid = {3E4C5FC5-E2A5-4C28-A480-A58031A25A32}
	EndGlobalSection
EndGlobal
